// !$*UTF8*$!
{
	archiveVersion = 1;
	classes = {
	};
	objectVersion = 48;
	objects = {

/* Begin PBXBuildFile section */
		5F8906E6200D480F005A77A0 /* AppDelegate.swift in Sources */ = {isa = PBXBuildFile; fileRef = 5F8906E5200D480F005A77A0 /* AppDelegate.swift */; };
		5F8906E8200D480F005A77A0 /* ViewController.swift in Sources */ = {isa = PBXBuildFile; fileRef = 5F8906E7200D480F005A77A0 /* ViewController.swift */; };
		5F8906EB200D480F005A77A0 /* Main.storyboard in Resources */ = {isa = PBXBuildFile; fileRef = 5F8906E9200D480F005A77A0 /* Main.storyboard */; };
		5F8906ED200D480F005A77A0 /* Assets.xcassets in Resources */ = {isa = PBXBuildFile; fileRef = 5F8906EC200D480F005A77A0 /* Assets.xcassets */; };
		5F8906F0200D480F005A77A0 /* LaunchScreen.storyboard in Resources */ = {isa = PBXBuildFile; fileRef = 5F8906EE200D480F005A77A0 /* LaunchScreen.storyboard */; };
		5F8906FB200D480F005A77A0 /* GuessTheNumberTests.swift in Sources */ = {isa = PBXBuildFile; fileRef = 5F8906FA200D480F005A77A0 /* GuessTheNumberTests.swift */; };
		5F890706200D480F005A77A0 /* GuessTheNumberUITests.swift in Sources */ = {isa = PBXBuildFile; fileRef = 5F890705200D480F005A77A0 /* GuessTheNumberUITests.swift */; };
/* End PBXBuildFile section */

/* Begin PBXContainerItemProxy section */
		5F8906F7200D480F005A77A0 /* PBXContainerItemProxy */ = {
			isa = PBXContainerItemProxy;
			containerPortal = 5F8906DA200D480F005A77A0 /* Project object */;
			proxyType = 1;
			remoteGlobalIDString = 5F8906E1200D480F005A77A0;
			remoteInfo = GuessTheNumber;
		};
		5F890702200D480F005A77A0 /* PBXContainerItemProxy */ = {
			isa = PBXContainerItemProxy;
			containerPortal = 5F8906DA200D480F005A77A0 /* Project object */;
			proxyType = 1;
			remoteGlobalIDString = 5F8906E1200D480F005A77A0;
			remoteInfo = GuessTheNumber;
		};
/* End PBXContainerItemProxy section */

/* Begin PBXFileReference section */
		5F8906E2200D480F005A77A0 /* GuessTheNumber.app */ = {isa = PBXFileReference; explicitFileType = wrapper.application; includeInIndex = 0; path = GuessTheNumber.app; sourceTree = BUILT_PRODUCTS_DIR; };
		5F8906E5200D480F005A77A0 /* AppDelegate.swift */ = {isa = PBXFileReference; lastKnownFileType = sourcecode.swift; path = AppDelegate.swift; sourceTree = "<group>"; };
		5F8906E7200D480F005A77A0 /* ViewController.swift */ = {isa = PBXFileReference; lastKnownFileType = sourcecode.swift; path = ViewController.swift; sourceTree = "<group>"; };
		5F8906EA200D480F005A77A0 /* Base */ = {isa = PBXFileReference; lastKnownFileType = file.storyboard; name = Base; path = Base.lproj/Main.storyboard; sourceTree = "<group>"; };
		5F8906EC200D480F005A77A0 /* Assets.xcassets */ = {isa = PBXFileReference; lastKnownFileType = folder.assetcatalog; path = Assets.xcassets; sourceTree = "<group>"; };
		5F8906EF200D480F005A77A0 /* Base */ = {isa = PBXFileReference; lastKnownFileType = file.storyboard; name = Base; path = Base.lproj/LaunchScreen.storyboard; sourceTree = "<group>"; };
		5F8906F1200D480F005A77A0 /* Info.plist */ = {isa = PBXFileReference; lastKnownFileType = text.plist.xml; path = Info.plist; sourceTree = "<group>"; };
		5F8906F6200D480F005A77A0 /* GuessTheNumberTests.xctest */ = {isa = PBXFileReference; explicitFileType = wrapper.cfbundle; includeInIndex = 0; path = GuessTheNumberTests.xctest; sourceTree = BUILT_PRODUCTS_DIR; };
		5F8906FA200D480F005A77A0 /* GuessTheNumberTests.swift */ = {isa = PBXFileReference; lastKnownFileType = sourcecode.swift; path = GuessTheNumberTests.swift; sourceTree = "<group>"; };
		5F8906FC200D480F005A77A0 /* Info.plist */ = {isa = PBXFileReference; lastKnownFileType = text.plist.xml; path = Info.plist; sourceTree = "<group>"; };
		5F890701200D480F005A77A0 /* GuessTheNumberUITests.xctest */ = {isa = PBXFileReference; explicitFileType = wrapper.cfbundle; includeInIndex = 0; path = GuessTheNumberUITests.xctest; sourceTree = BUILT_PRODUCTS_DIR; };
		5F890705200D480F005A77A0 /* GuessTheNumberUITests.swift */ = {isa = PBXFileReference; lastKnownFileType = sourcecode.swift; path = GuessTheNumberUITests.swift; sourceTree = "<group>"; };
		5F890707200D480F005A77A0 /* Info.plist */ = {isa = PBXFileReference; lastKnownFileType = text.plist.xml; path = Info.plist; sourceTree = "<group>"; };
/* End PBXFileReference section */

/* Begin PBXFrameworksBuildPhase section */
		5F8906DF200D480F005A77A0 /* Frameworks */ = {
			isa = PBXFrameworksBuildPhase;
			buildActionMask = 2147483647;
			files = (
			);
			runOnlyForDeploymentPostprocessing = 0;
		};
		5F8906F3200D480F005A77A0 /* Frameworks */ = {
			isa = PBXFrameworksBuildPhase;
			buildActionMask = 2147483647;
			files = (
			);
			runOnlyForDeploymentPostprocessing = 0;
		};
		5F8906FE200D480F005A77A0 /* Frameworks */ = {
			isa = PBXFrameworksBuildPhase;
			buildActionMask = 2147483647;
			files = (
			);
			runOnlyForDeploymentPostprocessing = 0;
		};
/* End PBXFrameworksBuildPhase section */

/* Begin PBXGroup section */
		5F8906D9200D480F005A77A0 = {
			isa = PBXGroup;
			children = (
				5F8906E4200D480F005A77A0 /* GuessTheNumber */,
				5F8906F9200D480F005A77A0 /* GuessTheNumberTests */,
				5F890704200D480F005A77A0 /* GuessTheNumberUITests */,
				5F8906E3200D480F005A77A0 /* Products */,
			);
			sourceTree = "<group>";
		};
		5F8906E3200D480F005A77A0 /* Products */ = {
			isa = PBXGroup;
			children = (
				5F8906E2200D480F005A77A0 /* GuessTheNumber.app */,
				5F8906F6200D480F005A77A0 /* GuessTheNumberTests.xctest */,
				5F890701200D480F005A77A0 /* GuessTheNumberUITests.xctest */,
			);
			name = Products;
			sourceTree = "<group>";
		};
		5F8906E4200D480F005A77A0 /* GuessTheNumber */ = {
			isa = PBXGroup;
			children = (
				5F8906E5200D480F005A77A0 /* AppDelegate.swift */,
				5F8906E7200D480F005A77A0 /* ViewController.swift */,
				5F8906E9200D480F005A77A0 /* Main.storyboard */,
				5F8906EC200D480F005A77A0 /* Assets.xcassets */,
				5F8906EE200D480F005A77A0 /* LaunchScreen.storyboard */,
				5F8906F1200D480F005A77A0 /* Info.plist */,
			);
			path = GuessTheNumber;
			sourceTree = "<group>";
		};
		5F8906F9200D480F005A77A0 /* GuessTheNumberTests */ = {
			isa = PBXGroup;
			children = (
				5F8906FA200D480F005A77A0 /* GuessTheNumberTests.swift */,
				5F8906FC200D480F005A77A0 /* Info.plist */,
			);
			path = GuessTheNumberTests;
			sourceTree = "<group>";
		};
		5F890704200D480F005A77A0 /* GuessTheNumberUITests */ = {
			isa = PBXGroup;
			children = (
				5F890705200D480F005A77A0 /* GuessTheNumberUITests.swift */,
				5F890707200D480F005A77A0 /* Info.plist */,
			);
			path = GuessTheNumberUITests;
			sourceTree = "<group>";
		};
/* End PBXGroup section */

/* Begin PBXNativeTarget section */
		5F8906E1200D480F005A77A0 /* GuessTheNumber */ = {
			isa = PBXNativeTarget;
			buildConfigurationList = 5F89070A200D480F005A77A0 /* Build configuration list for PBXNativeTarget "GuessTheNumber" */;
			buildPhases = (
				5F8906DE200D480F005A77A0 /* Sources */,
				5F8906DF200D480F005A77A0 /* Frameworks */,
				5F8906E0200D480F005A77A0 /* Resources */,
			);
			buildRules = (
			);
			dependencies = (
			);
			name = GuessTheNumber;
			productName = GuessTheNumber;
			productReference = 5F8906E2200D480F005A77A0 /* GuessTheNumber.app */;
			productType = "com.apple.product-type.application";
		};
		5F8906F5200D480F005A77A0 /* GuessTheNumberTests */ = {
			isa = PBXNativeTarget;
			buildConfigurationList = 5F89070D200D480F005A77A0 /* Build configuration list for PBXNativeTarget "GuessTheNumberTests" */;
			buildPhases = (
				5F8906F2200D480F005A77A0 /* Sources */,
				5F8906F3200D480F005A77A0 /* Frameworks */,
				5F8906F4200D480F005A77A0 /* Resources */,
			);
			buildRules = (
			);
			dependencies = (
				5F8906F8200D480F005A77A0 /* PBXTargetDependency */,
			);
			name = GuessTheNumberTests;
			productName = GuessTheNumberTests;
			productReference = 5F8906F6200D480F005A77A0 /* GuessTheNumberTests.xctest */;
			productType = "com.apple.product-type.bundle.unit-test";
		};
		5F890700200D480F005A77A0 /* GuessTheNumberUITests */ = {
			isa = PBXNativeTarget;
			buildConfigurationList = 5F890710200D480F005A77A0 /* Build configuration list for PBXNativeTarget "GuessTheNumberUITests" */;
			buildPhases = (
				5F8906FD200D480F005A77A0 /* Sources */,
				5F8906FE200D480F005A77A0 /* Frameworks */,
				5F8906FF200D480F005A77A0 /* Resources */,
			);
			buildRules = (
			);
			dependencies = (
				5F890703200D480F005A77A0 /* PBXTargetDependency */,
			);
			name = GuessTheNumberUITests;
			productName = GuessTheNumberUITests;
			productReference = 5F890701200D480F005A77A0 /* GuessTheNumberUITests.xctest */;
			productType = "com.apple.product-type.bundle.ui-testing";
		};
/* End PBXNativeTarget section */

/* Begin PBXProject section */
		5F8906DA200D480F005A77A0 /* Project object */ = {
			isa = PBXProject;
			attributes = {
				LastSwiftUpdateCheck = 0920;
				LastUpgradeCheck = 0920;
				ORGANIZATIONNAME = GT;
				TargetAttributes = {
					5F8906E1200D480F005A77A0 = {
						CreatedOnToolsVersion = 9.2;
						ProvisioningStyle = Automatic;
					};
					5F8906F5200D480F005A77A0 = {
						CreatedOnToolsVersion = 9.2;
						ProvisioningStyle = Automatic;
						TestTargetID = 5F8906E1200D480F005A77A0;
					};
					5F890700200D480F005A77A0 = {
						CreatedOnToolsVersion = 9.2;
						ProvisioningStyle = Automatic;
						TestTargetID = 5F8906E1200D480F005A77A0;
					};
				};
			};
			buildConfigurationList = 5F8906DD200D480F005A77A0 /* Build configuration list for PBXProject "GuessTheNumber" */;
			compatibilityVersion = "Xcode 8.0";
			developmentRegion = en;
			hasScannedForEncodings = 0;
			knownRegions = (
				en,
				Base,
			);
			mainGroup = 5F8906D9200D480F005A77A0;
			productRefGroup = 5F8906E3200D480F005A77A0 /* Products */;
			projectDirPath = "";
			projectRoot = "";
			targets = (
				5F8906E1200D480F005A77A0 /* GuessTheNumber */,
				5F8906F5200D480F005A77A0 /* GuessTheNumberTests */,
				5F890700200D480F005A77A0 /* GuessTheNumberUITests */,
			);
		};
/* End PBXProject section */

/* Begin PBXResourcesBuildPhase section */
		5F8906E0200D480F005A77A0 /* Resources */ = {
			isa = PBXResourcesBuildPhase;
			buildActionMask = 2147483647;
			files = (
				5F8906F0200D480F005A77A0 /* LaunchScreen.storyboard in Resources */,
				5F8906ED200D480F005A77A0 /* Assets.xcassets in Resources */,
				5F8906EB200D480F005A77A0 /* Main.storyboard in Resources */,
			);
			runOnlyForDeploymentPostprocessing = 0;
		};
		5F8906F4200D480F005A77A0 /* Resources */ = {
			isa = PBXResourcesBuildPhase;
			buildActionMask = 2147483647;
			files = (
			);
			runOnlyForDeploymentPostprocessing = 0;
		};
		5F8906FF200D480F005A77A0 /* Resources */ = {
			isa = PBXResourcesBuildPhase;
			buildActionMask = 2147483647;
			files = (
			);
			runOnlyForDeploymentPostprocessing = 0;
		};
/* End PBXResourcesBuildPhase section */

/* Begin PBXSourcesBuildPhase section */
		5F8906DE200D480F005A77A0 /* Sources */ = {
			isa = PBXSourcesBuildPhase;
			buildActionMask = 2147483647;
			files = (
				5F8906E8200D480F005A77A0 /* ViewController.swift in Sources */,
				5F8906E6200D480F005A77A0 /* AppDelegate.swift in Sources */,
			);
			runOnlyForDeploymentPostprocessing = 0;
		};
		5F8906F2200D480F005A77A0 /* Sources */ = {
			isa = PBXSourcesBuildPhase;
			buildActionMask = 2147483647;
			files = (
				5F8906FB200D480F005A77A0 /* GuessTheNumberTests.swift in Sources */,
			);
			runOnlyForDeploymentPostprocessing = 0;
		};
		5F8906FD200D480F005A77A0 /* Sources */ = {
			isa = PBXSourcesBuildPhase;
			buildActionMask = 2147483647;
			files = (
				5F890706200D480F005A77A0 /* GuessTheNumberUITests.swift in Sources */,
			);
			runOnlyForDeploymentPostprocessing = 0;
		};
/* End PBXSourcesBuildPhase section */

/* Begin PBXTargetDependency section */
		5F8906F8200D480F005A77A0 /* PBXTargetDependency */ = {
			isa = PBXTargetDependency;
			target = 5F8906E1200D480F005A77A0 /* GuessTheNumber */;
			targetProxy = 5F8906F7200D480F005A77A0 /* PBXContainerItemProxy */;
		};
		5F890703200D480F005A77A0 /* PBXTargetDependency */ = {
			isa = PBXTargetDependency;
			target = 5F8906E1200D480F005A77A0 /* GuessTheNumber */;
			targetProxy = 5F890702200D480F005A77A0 /* PBXContainerItemProxy */;
		};
/* End PBXTargetDependency section */

/* Begin PBXVariantGroup section */
		5F8906E9200D480F005A77A0 /* Main.storyboard */ = {
			isa = PBXVariantGroup;
			children = (
				5F8906EA200D480F005A77A0 /* Base */,
			);
			name = Main.storyboard;
			sourceTree = "<group>";
		};
		5F8906EE200D480F005A77A0 /* LaunchScreen.storyboard */ = {
			isa = PBXVariantGroup;
			children = (
				5F8906EF200D480F005A77A0 /* Base */,
			);
			name = LaunchScreen.storyboard;
			sourceTree = "<group>";
		};
/* End PBXVariantGroup section */

/* Begin XCBuildConfiguration section */
		5F890708200D480F005A77A0 /* Debug */ = {
			isa = XCBuildConfiguration;
			buildSettings = {
				ALWAYS_SEARCH_USER_PATHS = NO;
				CLANG_ANALYZER_NONNULL = YES;
				CLANG_ANALYZER_NUMBER_OBJECT_CONVERSION = YES_AGGRESSIVE;
				CLANG_CXX_LANGUAGE_STANDARD = "gnu++14";
				CLANG_CXX_LIBRARY = "libc++";
				CLANG_ENABLE_MODULES = YES;
				CLANG_ENABLE_OBJC_ARC = YES;
				CLANG_WARN_BLOCK_CAPTURE_AUTORELEASING = YES;
				CLANG_WARN_BOOL_CONVERSION = YES;
				CLANG_WARN_COMMA = YES;
				CLANG_WARN_CONSTANT_CONVERSION = YES;
				CLANG_WARN_DIRECT_OBJC_ISA_USAGE = YES_ERROR;
				CLANG_WARN_DOCUMENTATION_COMMENTS = YES;
				CLANG_WARN_EMPTY_BODY = YES;
				CLANG_WARN_ENUM_CONVERSION = YES;
				CLANG_WARN_INFINITE_RECURSION = YES;
				CLANG_WARN_INT_CONVERSION = YES;
				CLANG_WARN_NON_LITERAL_NULL_CONVERSION = YES;
				CLANG_WARN_OBJC_LITERAL_CONVERSION = YES;
				CLANG_WARN_OBJC_ROOT_CLASS = YES_ERROR;
				CLANG_WARN_RANGE_LOOP_ANALYSIS = YES;
				CLANG_WARN_STRICT_PROTOTYPES = YES;
				CLANG_WARN_SUSPICIOUS_MOVE = YES;
				CLANG_WARN_UNGUARDED_AVAILABILITY = YES_AGGRESSIVE;
				CLANG_WARN_UNREACHABLE_CODE = YES;
				CLANG_WARN__DUPLICATE_METHOD_MATCH = YES;
				CODE_SIGN_IDENTITY = "iPhone Developer";
				COPY_PHASE_STRIP = NO;
				DEBUG_INFORMATION_FORMAT = dwarf;
				ENABLE_STRICT_OBJC_MSGSEND = YES;
				ENABLE_TESTABILITY = YES;
				GCC_C_LANGUAGE_STANDARD = gnu11;
				GCC_DYNAMIC_NO_PIC = NO;
				GCC_NO_COMMON_BLOCKS = YES;
				GCC_OPTIMIZATION_LEVEL = 0;
				GCC_PREPROCESSOR_DEFINITIONS = (
					"DEBUG=1",
					"$(inherited)",
				);
				GCC_WARN_64_TO_32_BIT_CONVERSION = YES;
				GCC_WARN_ABOUT_RETURN_TYPE = YES_ERROR;
				GCC_WARN_UNDECLARED_SELECTOR = YES;
				GCC_WARN_UNINITIALIZED_AUTOS = YES_AGGRESSIVE;
				GCC_WARN_UNUSED_FUNCTION = YES;
				GCC_WARN_UNUSED_VARIABLE = YES;
				IPHONEOS_DEPLOYMENT_TARGET = 11.2;
				MTL_ENABLE_DEBUG_INFO = YES;
				ONLY_ACTIVE_ARCH = YES;
				SDKROOT = iphoneos;
				SWIFT_ACTIVE_COMPILATION_CONDITIONS = DEBUG;
				SWIFT_OPTIMIZATION_LEVEL = "-Onone";
			};
			name = Debug;
		};
		5F890709200D480F005A77A0 /* Release */ = {
			isa = XCBuildConfiguration;
			buildSettings = {
				ALWAYS_SEARCH_USER_PATHS = NO;
				CLANG_ANALYZER_NONNULL = YES;
				CLANG_ANALYZER_NUMBER_OBJECT_CONVERSION = YES_AGGRESSIVE;
				CLANG_CXX_LANGUAGE_STANDARD = "gnu++14";
				CLANG_CXX_LIBRARY = "libc++";
				CLANG_ENABLE_MODULES = YES;
				CLANG_ENABLE_OBJC_ARC = YES;
				CLANG_WARN_BLOCK_CAPTURE_AUTORELEASING = YES;
				CLANG_WARN_BOOL_CONVERSION = YES;
				CLANG_WARN_COMMA = YES;
				CLANG_WARN_CONSTANT_CONVERSION = YES;
				CLANG_WARN_DIRECT_OBJC_ISA_USAGE = YES_ERROR;
				CLANG_WARN_DOCUMENTATION_COMMENTS = YES;
				CLANG_WARN_EMPTY_BODY = YES;
				CLANG_WARN_ENUM_CONVERSION = YES;
				CLANG_WARN_INFINITE_RECURSION = YES;
				CLANG_WARN_INT_CONVERSION = YES;
				CLANG_WARN_NON_LITERAL_NULL_CONVERSION = YES;
				CLANG_WARN_OBJC_LITERAL_CONVERSION = YES;
				CLANG_WARN_OBJC_ROOT_CLASS = YES_ERROR;
				CLANG_WARN_RANGE_LOOP_ANALYSIS = YES;
				CLANG_WARN_STRICT_PROTOTYPES = YES;
				CLANG_WARN_SUSPICIOUS_MOVE = YES;
				CLANG_WARN_UNGUARDED_AVAILABILITY = YES_AGGRESSIVE;
				CLANG_WARN_UNREACHABLE_CODE = YES;
				CLANG_WARN__DUPLICATE_METHOD_MATCH = YES;
				CODE_SIGN_IDENTITY = "iPhone Developer";
				COPY_PHASE_STRIP = NO;
				DEBUG_INFORMATION_FORMAT = "dwarf-with-dsym";
				ENABLE_NS_ASSERTIONS = NO;
				ENABLE_STRICT_OBJC_MSGSEND = YES;
				GCC_C_LANGUAGE_STANDARD = gnu11;
				GCC_NO_COMMON_BLOCKS = YES;
				GCC_WARN_64_TO_32_BIT_CONVERSION = YES;
				GCC_WARN_ABOUT_RETURN_TYPE = YES_ERROR;
				GCC_WARN_UNDECLARED_SELECTOR = YES;
				GCC_WARN_UNINITIALIZED_AUTOS = YES_AGGRESSIVE;
				GCC_WARN_UNUSED_FUNCTION = YES;
				GCC_WARN_UNUSED_VARIABLE = YES;
				IPHONEOS_DEPLOYMENT_TARGET = 11.2;
				MTL_ENABLE_DEBUG_INFO = NO;
				SDKROOT = iphoneos;
				SWIFT_OPTIMIZATION_LEVEL = "-Owholemodule";
				VALIDATE_PRODUCT = YES;
			};
			name = Release;
		};
		5F89070B200D480F005A77A0 /* Debug */ = {
			isa = XCBuildConfiguration;
			buildSettings = {
				ASSETCATALOG_COMPILER_APPICON_NAME = AppIcon;
				CODE_SIGN_STYLE = Automatic;
				DEVELOPMENT_TEAM = 7N4X8324YP;
				INFOPLIST_FILE = GuessTheNumber/Info.plist;
				LD_RUNPATH_SEARCH_PATHS = "$(inherited) @executable_path/Frameworks";
				PRODUCT_BUNDLE_IDENTIFIER = com.iosgatech.GuessTheNumber;
				PRODUCT_NAME = "$(TARGET_NAME)";
				SWIFT_VERSION = 4.0;
				TARGETED_DEVICE_FAMILY = "1,2";
			};
			name = Debug;
		};
		5F89070C200D480F005A77A0 /* Release */ = {
			isa = XCBuildConfiguration;
			buildSettings = {
				ASSETCATALOG_COMPILER_APPICON_NAME = AppIcon;
				CODE_SIGN_STYLE = Automatic;
				DEVELOPMENT_TEAM = 7N4X8324YP;
				INFOPLIST_FILE = GuessTheNumber/Info.plist;
				LD_RUNPATH_SEARCH_PATHS = "$(inherited) @executable_path/Frameworks";
				PRODUCT_BUNDLE_IDENTIFIER = com.iosgatech.GuessTheNumber;
				PRODUCT_NAME = "$(TARGET_NAME)";
				SWIFT_VERSION = 4.0;
				TARGETED_DEVICE_FAMILY = "1,2";
			};
			name = Release;
		};
		5F89070E200D480F005A77A0 /* Debug */ = {
			isa = XCBuildConfiguration;
			buildSettings = {
				ALWAYS_EMBED_SWIFT_STANDARD_LIBRARIES = YES;
				BUNDLE_LOADER = "$(TEST_HOST)";
				CODE_SIGN_STYLE = Automatic;
				DEVELOPMENT_TEAM = 7N4X8324YP;
				INFOPLIST_FILE = GuessTheNumberTests/Info.plist;
				LD_RUNPATH_SEARCH_PATHS = "$(inherited) @executable_path/Frameworks @loader_path/Frameworks";
				PRODUCT_BUNDLE_IDENTIFIER = com.iosgatech.GuessTheNumberTests;
				PRODUCT_NAME = "$(TARGET_NAME)";
				SWIFT_VERSION = 4.0;
				TARGETED_DEVICE_FAMILY = "1,2";
				TEST_HOST = "$(BUILT_PRODUCTS_DIR)/GuessTheNumber.app/GuessTheNumber";
			};
			name = Debug;
		};
		5F89070F200D480F005A77A0 /* Release */ = {
			isa = XCBuildConfiguration;
			buildSettings = {
				ALWAYS_EMBED_SWIFT_STANDARD_LIBRARIES = YES;
				BUNDLE_LOADER = "$(TEST_HOST)";
				CODE_SIGN_STYLE = Automatic;
				DEVELOPMENT_TEAM = 7N4X8324YP;
				INFOPLIST_FILE = GuessTheNumberTests/Info.plist;
				LD_RUNPATH_SEARCH_PATHS = "$(inherited) @executable_path/Frameworks @loader_path/Frameworks";
				PRODUCT_BUNDLE_IDENTIFIER = com.iosgatech.GuessTheNumberTests;
				PRODUCT_NAME = "$(TARGET_NAME)";
				SWIFT_VERSION = 4.0;
				TARGETED_DEVICE_FAMILY = "1,2";
				TEST_HOST = "$(BUILT_PRODUCTS_DIR)/GuessTheNumber.app/GuessTheNumber";
			};
			name = Release;
		};
		5F890711200D480F005A77A0 /* Debug */ = {
			isa = XCBuildConfiguration;
			buildSettings = {
				ALWAYS_EMBED_SWIFT_STANDARD_LIBRARIES = YES;
				CODE_SIGN_STYLE = Automatic;
				DEVELOPMENT_TEAM = 7N4X8324YP;
				INFOPLIST_FILE = GuessTheNumberUITests/Info.plist;
				LD_RUNPATH_SEARCH_PATHS = "$(inherited) @executable_path/Frameworks @loader_path/Frameworks";
				PRODUCT_BUNDLE_IDENTIFIER = com.iosgatech.GuessTheNumberUITests;
				PRODUCT_NAME = "$(TARGET_NAME)";
				SWIFT_VERSION = 4.0;
				TARGETED_DEVICE_FAMILY = "1,2";
				TEST_TARGET_NAME = GuessTheNumber;
			};
			name = Debug;
		};
		5F890712200D480F005A77A0 /* Release */ = {
			isa = XCBuildConfiguration;
			buildSettings = {
				ALWAYS_EMBED_SWIFT_STANDARD_LIBRARIES = YES;
				CODE_SIGN_STYLE = Automatic;
				DEVELOPMENT_TEAM = 7N4X8324YP;
				INFOPLIST_FILE = GuessTheNumberUITests/Info.plist;
				LD_RUNPATH_SEARCH_PATHS = "$(inherited) @executable_path/Frameworks @loader_path/Frameworks";
				PRODUCT_BUNDLE_IDENTIFIER = com.iosgatech.GuessTheNumberUITests;
				PRODUCT_NAME = "$(TARGET_NAME)";
				SWIFT_VERSION = 4.0;
				TARGETED_DEVICE_FAMILY = "1,2";
				TEST_TARGET_NAME = GuessTheNumber;
			};
			name = Release;
		};
/* End XCBuildConfiguration section */

/* Begin XCConfigurationList section */
		5F8906DD200D480F005A77A0 /* Build configuration list for PBXProject "GuessTheNumber" */ = {
			isa = XCConfigurationList;
			buildConfigurations = (
				5F890708200D480F005A77A0 /* Debug */,
				5F890709200D480F005A77A0 /* Release */,
			);
			defaultConfigurationIsVisible = 0;
			defaultConfigurationName = Release;
		};
		5F89070A200D480F005A77A0 /* Build configuration list for PBXNativeTarget "GuessTheNumber" */ = {
			isa = XCConfigurationList;
			buildConfigurations = (
				5F89070B200D480F005A77A0 /* Debug */,
				5F89070C200D480F005A77A0 /* Release */,
			);
			defaultConfigurationIsVisible = 0;
			defaultConfigurationName = Release;
		};
		5F89070D200D480F005A77A0 /* Build configuration list for PBXNativeTarget "GuessTheNumberTests" */ = {
			isa = XCConfigurationList;
			buildConfigurations = (
				5F89070E200D480F005A77A0 /* Debug */,
				5F89070F200D480F005A77A0 /* Release */,
			);
			defaultConfigurationIsVisible = 0;
			defaultConfigurationName = Release;
		};
		5F890710200D480F005A77A0 /* Build configuration list for PBXNativeTarget "GuessTheNumberUITests" */ = {
			isa = XCConfigurationList;
			buildConfigurations = (
				5F890711200D480F005A77A0 /* Debug */,
				5F890712200D480F005A77A0 /* Release */,
			);
			defaultConfigurationIsVisible = 0;
			defaultConfigurationName = Release;
		};
/* End XCConfigurationList section */
	};
	rootObject = 5F8906DA200D480F005A77A0 /* Project object */;
}
